
Microsoft Visual Studio Solution File, Format Version 12.00
# Visual Studio 15
VisualStudioVersion = 15.0.28307.539
MinimumVisualStudioVersion = 10.0.40219.1
Project("{FAE04EC0-301F-11D3-BF4B-00C04F79EFBC}") = "Facebook", "Facebook\Facebook.csproj", "{D3F2D7E4-04A2-49E7-A4F0-555A3ECB39B5}"
EndProject
Global
	GlobalSection(SolutionConfigurationPlatforms) = preSolution
		Debug|Any CPU = Debug|Any CPU
		Release|Any CPU = Release|Any CPU
	EndGlobalSection
	GlobalSection(ProjectConfigurationPlatforms) = postSolution
		{D3F2D7E4-04A2-49E7-A4F0-555A3ECB39B5}.Debug|Any CPU.ActiveCfg = Debug|Any CPU
		{D3F2D7E4-04A2-49E7-A4F0-555A3ECB39B5}.Debug|Any CPU.Build.0 = Debug|Any CPU
		{D3F2D7E4-04A2-49E7-A4F0-555A3ECB39B5}.Release|Any CPU.ActiveCfg = Release|Any CPU
		{D3F2D7E4-04A2-49E7-A4F0-555A3ECB39B5}.Release|Any CPU.Build.0 = Release|Any CPU
	EndGlobalSection
	GlobalSection(SolutionProperties) = preSolution
		HideSolutionNode = FALSE
	EndGlobalSection
	GlobalSection(ExtensibilityGlobals) = postSolution
		SolutionGuid = {F8FB912B-292B-4D75-8804-B43115669D0F}
	EndGlobalSection
EndGlobal
